
Microsoft Visual Studio Solution File, Format Version 12.00
# Visual Studio Version 16
VisualStudioVersion = 16.0.30717.126
MinimumVisualStudioVersion = 10.0.40219.1
Project("{9A19103F-16F7-4668-BE54-9A1E7A4F7556}") = "Api", "BlogDev\Api.csproj", "{45441545-2639-440D-8938-C788EB12B62D}"
EndProject
Project("{2150E333-8FDC-42A3-9474-1A3956D46DE8}") = "BlogDev", "BlogDev", "{94D34147-B52C-441E-8512-9F07753C9AA9}"
EndProject
Project("{9A19103F-16F7-4668-BE54-9A1E7A4F7556}") = "Server", "Server\Server.csproj", "{838844FF-12FE-4B78-8095-94BF2DC3AA2F}"
EndProject
Project("{9A19103F-16F7-4668-BE54-9A1E7A4F7556}") = "Client", "Client\Client.csproj", "{89403B9B-A0BB-4CAF-B628-E4E52FC37DAE}"
EndProject
Project("{2150E333-8FDC-42A3-9474-1A3956D46DE8}") = "IdentityServer4", "IdentityServer4", "{1EADB94C-EBBE-4158-AC32-CB14F9428E9E}"
EndProject
Project("{9A19103F-16F7-4668-BE54-9A1E7A4F7556}") = "IdentityServer4_Oauth", "IdentityServer4_Oauth\IdentityServer4_Oauth.csproj", "{07C3A091-28B9-4DAC-AC42-44F303A64D2C}"
EndProject
Project("{9A19103F-16F7-4668-BE54-9A1E7A4F7556}") = "ApiOne", "ApiOne\ApiOne.csproj", "{368792ED-3E43-47D5-B7AB-BF69BD80E57B}"
EndProject
Project("{9A19103F-16F7-4668-BE54-9A1E7A4F7556}") = "ApiTwo", "ApiTwo\ApiTwo.csproj", "{D5727214-1261-4CEC-B586-E6B2E4D08129}"
EndProject
Project("{9A19103F-16F7-4668-BE54-9A1E7A4F7556}") = "MVCClient", "MVCClient\MVCClient.csproj", "{90156424-9F35-4535-9BDE-67F07C1056BE}"
EndProject
Project("{9A19103F-16F7-4668-BE54-9A1E7A4F7556}") = "JavascriptClient", "JavascriptClient\JavascriptClient.csproj", "{62A8134D-707C-4C32-8F95-ACE5F2D3D16F}"
EndProject
Project("{2150E333-8FDC-42A3-9474-1A3956D46DE8}") = "Basic", "Basic", "{02559541-00CC-4806-AADF-3E901E71D63C}"
EndProject
Project("{9A19103F-16F7-4668-BE54-9A1E7A4F7556}") = "Basics", "Basics\Basics.csproj", "{F6B3EE84-D128-41EF-879D-DCC47C78F601}"
EndProject
Project("{FAE04EC0-301F-11D3-BF4B-00C04F79EFBC}") = "IdentityServer", "IdentityServer\IdentityServer.csproj", "{223E4F8D-5B67-4D35-8DB9-68B7A68DB575}"
EndProject
Global
	GlobalSection(SolutionConfigurationPlatforms) = preSolution
		Debug|Any CPU = Debug|Any CPU
		Release|Any CPU = Release|Any CPU
	EndGlobalSection
	GlobalSection(ProjectConfigurationPlatforms) = postSolution
		{45441545-2639-440D-8938-C788EB12B62D}.Debug|Any CPU.ActiveCfg = Debug|Any CPU
		{45441545-2639-440D-8938-C788EB12B62D}.Debug|Any CPU.Build.0 = Debug|Any CPU
		{45441545-2639-440D-8938-C788EB12B62D}.Release|Any CPU.ActiveCfg = Release|Any CPU
		{45441545-2639-440D-8938-C788EB12B62D}.Release|Any CPU.Build.0 = Release|Any CPU
		{838844FF-12FE-4B78-8095-94BF2DC3AA2F}.Debug|Any CPU.ActiveCfg = Debug|Any CPU
		{838844FF-12FE-4B78-8095-94BF2DC3AA2F}.Debug|Any CPU.Build.0 = Debug|Any CPU
		{838844FF-12FE-4B78-8095-94BF2DC3AA2F}.Release|Any CPU.ActiveCfg = Release|Any CPU
		{838844FF-12FE-4B78-8095-94BF2DC3AA2F}.Release|Any CPU.Build.0 = Release|Any CPU
		{89403B9B-A0BB-4CAF-B628-E4E52FC37DAE}.Debug|Any CPU.ActiveCfg = Debug|Any CPU
		{89403B9B-A0BB-4CAF-B628-E4E52FC37DAE}.Debug|Any CPU.Build.0 = Debug|Any CPU
		{89403B9B-A0BB-4CAF-B628-E4E52FC37DAE}.Release|Any CPU.ActiveCfg = Release|Any CPU
		{89403B9B-A0BB-4CAF-B628-E4E52FC37DAE}.Release|Any CPU.Build.0 = Release|Any CPU
		{07C3A091-28B9-4DAC-AC42-44F303A64D2C}.Debug|Any CPU.ActiveCfg = Debug|Any CPU
		{07C3A091-28B9-4DAC-AC42-44F303A64D2C}.Debug|Any CPU.Build.0 = Debug|Any CPU
		{07C3A091-28B9-4DAC-AC42-44F303A64D2C}.Release|Any CPU.ActiveCfg = Release|Any CPU
		{07C3A091-28B9-4DAC-AC42-44F303A64D2C}.Release|Any CPU.Build.0 = Release|Any CPU
		{368792ED-3E43-47D5-B7AB-BF69BD80E57B}.Debug|Any CPU.ActiveCfg = Debug|Any CPU
		{368792ED-3E43-47D5-B7AB-BF69BD80E57B}.Debug|Any CPU.Build.0 = Debug|Any CPU
		{368792ED-3E43-47D5-B7AB-BF69BD80E57B}.Release|Any CPU.ActiveCfg = Release|Any CPU
		{368792ED-3E43-47D5-B7AB-BF69BD80E57B}.Release|Any CPU.Build.0 = Release|Any CPU
		{D5727214-1261-4CEC-B586-E6B2E4D08129}.Debug|Any CPU.ActiveCfg = Debug|Any CPU
		{D5727214-1261-4CEC-B586-E6B2E4D08129}.Debug|Any CPU.Build.0 = Debug|Any CPU
		{D5727214-1261-4CEC-B586-E6B2E4D08129}.Release|Any CPU.ActiveCfg = Release|Any CPU
		{D5727214-1261-4CEC-B586-E6B2E4D08129}.Release|Any CPU.Build.0 = Release|Any CPU
		{90156424-9F35-4535-9BDE-67F07C1056BE}.Debug|Any CPU.ActiveCfg = Debug|Any CPU
		{90156424-9F35-4535-9BDE-67F07C1056BE}.Debug|Any CPU.Build.0 = Debug|Any CPU
		{90156424-9F35-4535-9BDE-67F07C1056BE}.Release|Any CPU.ActiveCfg = Release|Any CPU
		{90156424-9F35-4535-9BDE-67F07C1056BE}.Release|Any CPU.Build.0 = Release|Any CPU
		{62A8134D-707C-4C32-8F95-ACE5F2D3D16F}.Debug|Any CPU.ActiveCfg = Debug|Any CPU
		{62A8134D-707C-4C32-8F95-ACE5F2D3D16F}.Debug|Any CPU.Build.0 = Debug|Any CPU
		{62A8134D-707C-4C32-8F95-ACE5F2D3D16F}.Release|Any CPU.ActiveCfg = Release|Any CPU
		{62A8134D-707C-4C32-8F95-ACE5F2D3D16F}.Release|Any CPU.Build.0 = Release|Any CPU
		{F6B3EE84-D128-41EF-879D-DCC47C78F601}.Debug|Any CPU.ActiveCfg = Debug|Any CPU
		{F6B3EE84-D128-41EF-879D-DCC47C78F601}.Debug|Any CPU.Build.0 = Debug|Any CPU
		{F6B3EE84-D128-41EF-879D-DCC47C78F601}.Release|Any CPU.ActiveCfg = Release|Any CPU
		{F6B3EE84-D128-41EF-879D-DCC47C78F601}.Release|Any CPU.Build.0 = Release|Any CPU
		{223E4F8D-5B67-4D35-8DB9-68B7A68DB575}.Debug|Any CPU.ActiveCfg = Debug|Any CPU
		{223E4F8D-5B67-4D35-8DB9-68B7A68DB575}.Debug|Any CPU.Build.0 = Debug|Any CPU
		{223E4F8D-5B67-4D35-8DB9-68B7A68DB575}.Release|Any CPU.ActiveCfg = Release|Any CPU
		{223E4F8D-5B67-4D35-8DB9-68B7A68DB575}.Release|Any CPU.Build.0 = Release|Any CPU
	EndGlobalSection
	GlobalSection(SolutionProperties) = preSolution
		HideSolutionNode = FALSE
	EndGlobalSection
	GlobalSection(NestedProjects) = preSolution
		{45441545-2639-440D-8938-C788EB12B62D} = {94D34147-B52C-441E-8512-9F07753C9AA9}
		{838844FF-12FE-4B78-8095-94BF2DC3AA2F} = {94D34147-B52C-441E-8512-9F07753C9AA9}
		{89403B9B-A0BB-4CAF-B628-E4E52FC37DAE} = {94D34147-B52C-441E-8512-9F07753C9AA9}
		{07C3A091-28B9-4DAC-AC42-44F303A64D2C} = {1EADB94C-EBBE-4158-AC32-CB14F9428E9E}
		{368792ED-3E43-47D5-B7AB-BF69BD80E57B} = {1EADB94C-EBBE-4158-AC32-CB14F9428E9E}
		{D5727214-1261-4CEC-B586-E6B2E4D08129} = {1EADB94C-EBBE-4158-AC32-CB14F9428E9E}
		{90156424-9F35-4535-9BDE-67F07C1056BE} = {1EADB94C-EBBE-4158-AC32-CB14F9428E9E}
		{62A8134D-707C-4C32-8F95-ACE5F2D3D16F} = {1EADB94C-EBBE-4158-AC32-CB14F9428E9E}
		{F6B3EE84-D128-41EF-879D-DCC47C78F601} = {02559541-00CC-4806-AADF-3E901E71D63C}
		{223E4F8D-5B67-4D35-8DB9-68B7A68DB575} = {02559541-00CC-4806-AADF-3E901E71D63C}
	EndGlobalSection
	GlobalSection(ExtensibilityGlobals) = postSolution
		SolutionGuid = {92A70FA4-1421-4266-B5A6-D66CCE126899}
	EndGlobalSection
EndGlobal
